
Microsoft Visual Studio Solution File, Format Version 12.00
# Visual Studio Version 16
VisualStudioVersion = 16.0.30413.136
MinimumVisualStudioVersion = 10.0.40219.1
Project("{FAE04EC0-301F-11D3-BF4B-00C04F79EFBC}") = "git", "git.csproj", "{8A840B54-FFF3-46F1-A939-AEF7F6D9B8BE}"
EndProject
Global
	GlobalSection(SolutionConfigurationPlatforms) = preSolution
		Debug|Any CPU = Debug|Any CPU
		Release|Any CPU = Release|Any CPU
	EndGlobalSection
	GlobalSection(ProjectConfigurationPlatforms) = postSolution
		{8A840B54-FFF3-46F1-A939-AEF7F6D9B8BE}.Debug|Any CPU.ActiveCfg = Debug|Any CPU
		{8A840B54-FFF3-46F1-A939-AEF7F6D9B8BE}.Debug|Any CPU.Build.0 = Debug|Any CPU
		{8A840B54-FFF3-46F1-A939-AEF7F6D9B8BE}.Release|Any CPU.ActiveCfg = Release|Any CPU
		{8A840B54-FFF3-46F1-A939-AEF7F6D9B8BE}.Release|Any CPU.Build.0 = Release|Any CPU
	EndGlobalSection
	GlobalSection(SolutionProperties) = preSolution
		HideSolutionNode = FALSE
	EndGlobalSection
	GlobalSection(ExtensibilityGlobals) = postSolution
		SolutionGuid = {CAE19EC9-865E-4F6D-BAE3-09647854B86C}
	EndGlobalSection
EndGlobal
